{
  "version": 4,
  "terraform_version": "1.10.5",
  "serial": 5,
  "lineage": "435af090-cb98-0a34-1574-f71d2556959e",
  "outputs": {},
  "resources": [
    {
      "mode": "managed",
      "type": "azurerm_container_group",
      "name": "aci",
      "provider": "provider[\"registry.terraform.io/hashicorp/azurerm\"]",
      "instances": [
        {
          "schema_version": 0,
          "attributes": {
            "container": [
              {
                "commands": [],
                "cpu": 0.5,
                "cpu_limit": 0,
                "environment_variables": null,
                "image": "htflynn/forecast-mvc:0.0.2.RELEASE",
                "liveness_probe": [],
                "memory": 1.5,
                "memory_limit": 0,
                "name": "mvc",
                "ports": [
                  {
                    "port": 80,
                    "protocol": "TCP"
                  }
                ],
                "readiness_probe": [],
                "secure_environment_variables": null,
                "security": [],
                "volume": []
              },
              {
                "commands": [],
                "cpu": 0.5,
                "cpu_limit": 0,
                "environment_variables": null,
                "image": "htflynn/forecast-db:0.0.1.RELEASE",
                "liveness_probe": [],
                "memory": 1.5,
                "memory_limit": 0,
                "name": "database",
                "ports": [
                  {
                    "port": 3306,
                    "protocol": "TCP"
                  }
                ],
                "readiness_probe": [],
                "secure_environment_variables": null,
                "security": [],
                "volume": []
              }
            ],
            "diagnostics": [],
            "dns_config": [],
            "dns_name_label": "greensyncid",
            "dns_name_label_reuse_policy": "Unsecure",
            "exposed_port": [
              {
                "port": 3306,
                "protocol": "TCP"
              },
              {
                "port": 80,
                "protocol": "TCP"
              }
            ],
            "fqdn": "greensyncid.uksouth.azurecontainer.io",
            "id": "/subscriptions/ff8cc0ac-8ae4-49df-b42c-741ae642a6a5/resourceGroups/myResourceGroup/providers/Microsoft.ContainerInstance/containerGroups/myContainerGroup",
            "identity": [],
            "image_registry_credential": [],
            "init_container": [],
            "ip_address": "4.158.91.244",
            "ip_address_type": "Public",
            "key_vault_key_id": null,
            "key_vault_user_assigned_identity_id": null,
            "location": "uksouth",
            "name": "myContainerGroup",
            "network_profile_id": null,
            "os_type": "Linux",
            "priority": "",
            "resource_group_name": "myResourceGroup",
            "restart_policy": "Always",
            "sku": "Standard",
            "subnet_ids": null,
            "tags": null,
            "timeouts": null,
            "zones": null
          },
          "sensitive_attributes": [
            [
              {
                "type": "get_attr",
                "value": "container"
              },
              {
                "type": "index",
                "value": {
                  "value": 0,
                  "type": "number"
                }
              },
              {
                "type": "get_attr",
                "value": "secure_environment_variables"
              }
            ],
            [
              {
                "type": "get_attr",
                "value": "container"
              },
              {
                "type": "index",
                "value": {
                  "value": 1,
                  "type": "number"
                }
              },
              {
                "type": "get_attr",
                "value": "secure_environment_variables"
              }
            ]
          ],
          "private": "eyJlMmJmYjczMC1lY2FhLTExZTYtOGY4OC0zNDM2M2JjN2M0YzAiOnsiY3JlYXRlIjozNjAwMDAwMDAwMDAwLCJkZWxldGUiOjE4MDAwMDAwMDAwMDAsInJlYWQiOjMwMDAwMDAwMDAwMCwidXBkYXRlIjoxODAwMDAwMDAwMDAwfX0=",
          "dependencies": [
            "azurerm_resource_group.rg"
          ]
        }
      ]
    },
    {
      "mode": "managed",
      "type": "azurerm_resource_group",
      "name": "rg",
      "provider": "provider[\"registry.terraform.io/hashicorp/azurerm\"]",
      "instances": [
        {
          "schema_version": 0,
          "attributes": {
            "id": "/subscriptions/ff8cc0ac-8ae4-49df-b42c-741ae642a6a5/resourceGroups/myResourceGroup",
            "location": "uksouth",
            "managed_by": "",
            "name": "myResourceGroup",
            "tags": {},
            "timeouts": null
          },
          "sensitive_attributes": [],
          "private": "eyJlMmJmYjczMC1lY2FhLTExZTYtOGY4OC0zNDM2M2JjN2M0YzAiOnsiY3JlYXRlIjo1NDAwMDAwMDAwMDAwLCJkZWxldGUiOjU0MDAwMDAwMDAwMDAsInJlYWQiOjMwMDAwMDAwMDAwMCwidXBkYXRlIjo1NDAwMDAwMDAwMDAwfX0="
        }
      ]
    }
  ],
  "check_results": null
}
